
Microsoft Visual Studio Solution File, Format Version 12.00
# Visual Studio 15
VisualStudioVersion = 15.0.28010.2026
MinimumVisualStudioVersion = 10.0.40219.1
Project("{8BC9CEB8-8B4A-11D0-8D11-00A0C91BC942}") = "CFD", "CFD\CFD.vcxproj", "{9E56B63B-9011-4E3B-9D7C-36453C715E98}"
EndProject
Global
	GlobalSection(SolutionConfigurationPlatforms) = preSolution
		Debug|x64 = Debug|x64
		Debug|x86 = Debug|x86
		Release|x64 = Release|x64
		Release|x86 = Release|x86
	EndGlobalSection
	GlobalSection(ProjectConfigurationPlatforms) = postSolution
		{9E56B63B-9011-4E3B-9D7C-36453C715E98}.Debug|x64.ActiveCfg = Debug|x64
		{9E56B63B-9011-4E3B-9D7C-36453C715E98}.Debug|x64.Build.0 = Debug|x64
		{9E56B63B-9011-4E3B-9D7C-36453C715E98}.Debug|x86.ActiveCfg = Debug|Win32
		{9E56B63B-9011-4E3B-9D7C-36453C715E98}.Debug|x86.Build.0 = Debug|Win32
		{9E56B63B-9011-4E3B-9D7C-36453C715E98}.Release|x64.ActiveCfg = Release|x64
		{9E56B63B-9011-4E3B-9D7C-36453C715E98}.Release|x64.Build.0 = Release|x64
		{9E56B63B-9011-4E3B-9D7C-36453C715E98}.Release|x86.ActiveCfg = Release|Win32
		{9E56B63B-9011-4E3B-9D7C-36453C715E98}.Release|x86.Build.0 = Release|Win32
	EndGlobalSection
	GlobalSection(SolutionProperties) = preSolution
		HideSolutionNode = FALSE
	EndGlobalSection
	GlobalSection(ExtensibilityGlobals) = postSolution
		SolutionGuid = {0BDE4DD1-C6CE-4047-ABAC-EBA41EBEC64C}
	EndGlobalSection
EndGlobal
